
Microsoft Visual Studio Solution File, Format Version 12.00
# Visual Studio Version 16
VisualStudioVersion = 16.0.31129.286
MinimumVisualStudioVersion = 10.0.40219.1
Project("{9A19103F-16F7-4668-BE54-9A1E7A4F7556}") = "Task1", "WorkWithFiles\Task1.csproj", "{7A5E1F21-D443-46AC-9AA1-1B16B8CC69A2}"
EndProject
Project("{9A19103F-16F7-4668-BE54-9A1E7A4F7556}") = "Task2", "Task2\Task2.csproj", "{3171B1C0-A898-4168-BC89-D0B60A397A0B}"
EndProject
Project("{FAE04EC0-301F-11D3-BF4B-00C04F79EFBC}") = "Task3", "Task3\Task3.csproj", "{AB024F0A-4C4D-4CF1-84E1-53DE3769BEE6}"
EndProject
Project("{FAE04EC0-301F-11D3-BF4B-00C04F79EFBC}") = "FinalTask", "Task4\FinalTask.csproj", "{81E3028F-1882-4F76-912E-993B43B787FB}"
EndProject
Global
	GlobalSection(SolutionConfigurationPlatforms) = preSolution
		Debug|Any CPU = Debug|Any CPU
		Release|Any CPU = Release|Any CPU
	EndGlobalSection
	GlobalSection(ProjectConfigurationPlatforms) = postSolution
		{7A5E1F21-D443-46AC-9AA1-1B16B8CC69A2}.Debug|Any CPU.ActiveCfg = Debug|Any CPU
		{7A5E1F21-D443-46AC-9AA1-1B16B8CC69A2}.Debug|Any CPU.Build.0 = Debug|Any CPU
		{7A5E1F21-D443-46AC-9AA1-1B16B8CC69A2}.Release|Any CPU.ActiveCfg = Release|Any CPU
		{7A5E1F21-D443-46AC-9AA1-1B16B8CC69A2}.Release|Any CPU.Build.0 = Release|Any CPU
		{3171B1C0-A898-4168-BC89-D0B60A397A0B}.Debug|Any CPU.ActiveCfg = Debug|Any CPU
		{3171B1C0-A898-4168-BC89-D0B60A397A0B}.Debug|Any CPU.Build.0 = Debug|Any CPU
		{3171B1C0-A898-4168-BC89-D0B60A397A0B}.Release|Any CPU.ActiveCfg = Release|Any CPU
		{3171B1C0-A898-4168-BC89-D0B60A397A0B}.Release|Any CPU.Build.0 = Release|Any CPU
		{AB024F0A-4C4D-4CF1-84E1-53DE3769BEE6}.Debug|Any CPU.ActiveCfg = Debug|Any CPU
		{AB024F0A-4C4D-4CF1-84E1-53DE3769BEE6}.Debug|Any CPU.Build.0 = Debug|Any CPU
		{AB024F0A-4C4D-4CF1-84E1-53DE3769BEE6}.Release|Any CPU.ActiveCfg = Release|Any CPU
		{AB024F0A-4C4D-4CF1-84E1-53DE3769BEE6}.Release|Any CPU.Build.0 = Release|Any CPU
		{81E3028F-1882-4F76-912E-993B43B787FB}.Debug|Any CPU.ActiveCfg = Debug|Any CPU
		{81E3028F-1882-4F76-912E-993B43B787FB}.Debug|Any CPU.Build.0 = Debug|Any CPU
		{81E3028F-1882-4F76-912E-993B43B787FB}.Release|Any CPU.ActiveCfg = Release|Any CPU
		{81E3028F-1882-4F76-912E-993B43B787FB}.Release|Any CPU.Build.0 = Release|Any CPU
	EndGlobalSection
	GlobalSection(SolutionProperties) = preSolution
		HideSolutionNode = FALSE
	EndGlobalSection
	GlobalSection(ExtensibilityGlobals) = postSolution
		SolutionGuid = {F68A8C75-9A0B-4842-AAD9-45BEE906A9F5}
	EndGlobalSection
EndGlobal
